
Microsoft Visual Studio Solution File, Format Version 11.00
# Visual Studio 2010
Project("{FAE04EC0-301F-11D3-BF4B-00C04F79EFBC}") = "Assembly-CSharp", "Assembly-CSharp.csproj", "{4F57FB57-034E-85DC-BCE4-75BAFC401DA8}"
EndProject
Project("{FAE04EC0-301F-11D3-BF4B-00C04F79EFBC}") = "Assembly-CSharp-Editor", "Assembly-CSharp-Editor.csproj", "{C2BDD612-E1EC-8161-9474-F89F73F87CE6}"
EndProject
Global
	GlobalSection(SolutionConfigurationPlatforms) = preSolution
		Debug|Any CPU = Debug|Any CPU
		Release|Any CPU = Release|Any CPU
	EndGlobalSection
	GlobalSection(ProjectConfigurationPlatforms) = postSolution
		{4F57FB57-034E-85DC-BCE4-75BAFC401DA8}.Debug|Any CPU.ActiveCfg = Debug|Any CPU
		{4F57FB57-034E-85DC-BCE4-75BAFC401DA8}.Debug|Any CPU.Build.0 = Debug|Any CPU
		{4F57FB57-034E-85DC-BCE4-75BAFC401DA8}.Release|Any CPU.ActiveCfg = Release|Any CPU
		{4F57FB57-034E-85DC-BCE4-75BAFC401DA8}.Release|Any CPU.Build.0 = Release|Any CPU
		{C2BDD612-E1EC-8161-9474-F89F73F87CE6}.Debug|Any CPU.ActiveCfg = Debug|Any CPU
		{C2BDD612-E1EC-8161-9474-F89F73F87CE6}.Debug|Any CPU.Build.0 = Debug|Any CPU
		{C2BDD612-E1EC-8161-9474-F89F73F87CE6}.Release|Any CPU.ActiveCfg = Release|Any CPU
		{C2BDD612-E1EC-8161-9474-F89F73F87CE6}.Release|Any CPU.Build.0 = Release|Any CPU
	EndGlobalSection
	GlobalSection(SolutionProperties) = preSolution
		HideSolutionNode = FALSE
	EndGlobalSection
	GlobalSection(MonoDevelopProperties) = preSolution
		StartupItem = Assembly-CSharp.csproj
	EndGlobalSection
EndGlobal
